
Microsoft Visual Studio Solution File, Format Version 12.00
# Visual Studio 15
VisualStudioVersion = 15.0.28307.271
MinimumVisualStudioVersion = 10.0.40219.1
Project("{FAE04EC0-301F-11D3-BF4B-00C04F79EFBC}") = "DeepSpider", "DeepSpider\DeepSpider.csproj", "{FCA34C05-6597-4791-8F65-3B3BF8802E7E}"
EndProject
Global
	GlobalSection(SolutionConfigurationPlatforms) = preSolution
		Debug|Any CPU = Debug|Any CPU
		Release|Any CPU = Release|Any CPU
	EndGlobalSection
	GlobalSection(ProjectConfigurationPlatforms) = postSolution
		{FCA34C05-6597-4791-8F65-3B3BF8802E7E}.Debug|Any CPU.ActiveCfg = Debug|Any CPU
		{FCA34C05-6597-4791-8F65-3B3BF8802E7E}.Debug|Any CPU.Build.0 = Debug|Any CPU
		{FCA34C05-6597-4791-8F65-3B3BF8802E7E}.Release|Any CPU.ActiveCfg = Release|Any CPU
		{FCA34C05-6597-4791-8F65-3B3BF8802E7E}.Release|Any CPU.Build.0 = Release|Any CPU
	EndGlobalSection
	GlobalSection(SolutionProperties) = preSolution
		HideSolutionNode = FALSE
	EndGlobalSection
	GlobalSection(ExtensibilityGlobals) = postSolution
		SolutionGuid = {E3A0916D-07A4-4885-93E5-FB9A7E8F6C46}
	EndGlobalSection
EndGlobal
